
Microsoft Visual Studio Solution File, Format Version 11.00
# Visual Studio 2010
Project("{FAE04EC0-301F-11D3-BF4B-00C04F79EFBC}") = "NathansWay.Numeracy.iOS", "NathansWay\NathansWay.Numeracy.iOS.csproj", "{ED846A11-F3F8-4277-9E00-8AC75C114910}"
EndProject
Project("{FAE04EC0-301F-11D3-BF4B-00C04F79EFBC}") = "MonoGame.Framework.iOS", "..\MonoGame\MonoGame.Framework\MonoGame.Framework.iOS.csproj", "{DB8508BB-9849-4CC2-BC0F-8EB5DACB3C47}"
EndProject
Project("{FAE04EC0-301F-11D3-BF4B-00C04F79EFBC}") = "Lidgren.Network.iOS", "..\MonoGame\ThirdParty\Lidgren.Network\Lidgren.Network.iOS.csproj", "{734EAA48-F1CA-481A-B391-0285BC0E8B40}"
EndProject
Project("{FAE04EC0-301F-11D3-BF4B-00C04F79EFBC}") = "AspyRoad.iOSCore", "AspyRoad_iOSCore\AspyRoad.iOSCore.csproj", "{587047CE-E3BC-4A5D-A59E-58558971F231}"
EndProject
Project("{FAE04EC0-301F-11D3-BF4B-00C04F79EFBC}") = "NathansWay.Numeracy.Shared", "NathansWay.Numeracy.Shared\NathansWay.Numeracy.Shared.csproj", "{8DD61860-526C-4447-B806-E0ADC61DFB54}"
EndProject
Global
	GlobalSection(SolutionConfigurationPlatforms) = preSolution
		Debug|iPhoneSimulator = Debug|iPhoneSimulator
		Release|iPhoneSimulator = Release|iPhoneSimulator
	EndGlobalSection
	GlobalSection(ProjectConfigurationPlatforms) = postSolution
		{587047CE-E3BC-4A5D-A59E-58558971F231}.Debug|iPhoneSimulator.ActiveCfg = Debug|Any CPU
		{587047CE-E3BC-4A5D-A59E-58558971F231}.Debug|iPhoneSimulator.Build.0 = Debug|Any CPU
		{587047CE-E3BC-4A5D-A59E-58558971F231}.Release|iPhoneSimulator.ActiveCfg = Release|Any CPU
		{587047CE-E3BC-4A5D-A59E-58558971F231}.Release|iPhoneSimulator.Build.0 = Release|Any CPU
		{61F33CB8-B0D6-4356-AA69-23AAFBFA014C}.Debug|iPhoneSimulator.ActiveCfg = Debug|Any CPU
		{61F33CB8-B0D6-4356-AA69-23AAFBFA014C}.Debug|iPhoneSimulator.Build.0 = Debug|Any CPU
		{61F33CB8-B0D6-4356-AA69-23AAFBFA014C}.Release|iPhoneSimulator.ActiveCfg = Release|Any CPU
		{61F33CB8-B0D6-4356-AA69-23AAFBFA014C}.Release|iPhoneSimulator.Build.0 = Release|Any CPU
		{734EAA48-F1CA-481A-B391-0285BC0E8B40}.Debug|iPhoneSimulator.ActiveCfg = Debug|Any CPU
		{734EAA48-F1CA-481A-B391-0285BC0E8B40}.Debug|iPhoneSimulator.Build.0 = Debug|Any CPU
		{734EAA48-F1CA-481A-B391-0285BC0E8B40}.Release|iPhoneSimulator.ActiveCfg = Release|Any CPU
		{734EAA48-F1CA-481A-B391-0285BC0E8B40}.Release|iPhoneSimulator.Build.0 = Release|Any CPU
		{8DD61860-526C-4447-B806-E0ADC61DFB54}.Debug|iPhoneSimulator.ActiveCfg = Debug|Any CPU
		{8DD61860-526C-4447-B806-E0ADC61DFB54}.Debug|iPhoneSimulator.Build.0 = Debug|Any CPU
		{8DD61860-526C-4447-B806-E0ADC61DFB54}.Release|iPhoneSimulator.ActiveCfg = Release|Any CPU
		{8DD61860-526C-4447-B806-E0ADC61DFB54}.Release|iPhoneSimulator.Build.0 = Release|Any CPU
		{DB8508BB-9849-4CC2-BC0F-8EB5DACB3C47}.Debug|iPhoneSimulator.ActiveCfg = Debug|iPhoneSimulator
		{DB8508BB-9849-4CC2-BC0F-8EB5DACB3C47}.Debug|iPhoneSimulator.Build.0 = Debug|iPhoneSimulator
		{DB8508BB-9849-4CC2-BC0F-8EB5DACB3C47}.Release|iPhoneSimulator.ActiveCfg = Release|iPhoneSimulator
		{DB8508BB-9849-4CC2-BC0F-8EB5DACB3C47}.Release|iPhoneSimulator.Build.0 = Release|iPhoneSimulator
		{ED846A11-F3F8-4277-9E00-8AC75C114910}.Debug|iPhoneSimulator.ActiveCfg = Debug|iPhoneSimulator
		{ED846A11-F3F8-4277-9E00-8AC75C114910}.Debug|iPhoneSimulator.Build.0 = Debug|iPhoneSimulator
		{ED846A11-F3F8-4277-9E00-8AC75C114910}.Release|iPhoneSimulator.ActiveCfg = Release|iPhoneSimulator
		{ED846A11-F3F8-4277-9E00-8AC75C114910}.Release|iPhoneSimulator.Build.0 = Release|iPhoneSimulator
	EndGlobalSection
	GlobalSection(MonoDevelopProperties) = preSolution
		StartupItem = NathansWay\NathansWay.Numeracy.iOS.csproj
	EndGlobalSection
EndGlobal
