
Microsoft Visual Studio Solution File, Format Version 11.00
# Visual Studio 2010
Project("{FAE04EC0-301F-11D3-BF4B-00C04F79EFBC}") = "NathansWay.iOS.Numeracy", "NathansWay.Numeracy.iOS\NathansWay.iOS.Numeracy.csproj", "{ED846A11-F3F8-4277-9E00-8AC75C114910}"
EndProject
Project("{FAE04EC0-301F-11D3-BF4B-00C04F79EFBC}") = "MonoGame.Framework.iOS", "..\MonoGame\MonoGame.Framework\MonoGame.Framework.iOS.csproj", "{DB8508BB-9849-4CC2-BC0F-8EB5DACB3C47}"
EndProject
Project("{FAE04EC0-301F-11D3-BF4B-00C04F79EFBC}") = "Lidgren.Network.iOS", "..\MonoGame\ThirdParty\Lidgren.Network\Lidgren.Network.iOS.csproj", "{734EAA48-F1CA-481A-B391-0285BC0E8B40}"
EndProject
Project("{FAE04EC0-301F-11D3-BF4B-00C04F79EFBC}") = "Aspyroad.iOSCore", "AspyRoad.iOSCore\Aspyroad.iOSCore.csproj", "{587047CE-E3BC-4A5D-A59E-58558971F231}"
EndProject
Project("{FAE04EC0-301F-11D3-BF4B-00C04F79EFBC}") = "NathansWay.Shared.Numeracy", "NathansWay.Numeracy.Shared\NathansWay.Shared.Numeracy.csproj", "{8DD61860-526C-4447-B806-E0ADC61DFB54}"
EndProject
Global
	GlobalSection(SolutionConfigurationPlatforms) = preSolution
		Debug|iPhoneSimulator = Debug|iPhoneSimulator
		Release|iPhoneSimulator = Release|iPhoneSimulator
	EndGlobalSection
	GlobalSection(ProjectConfigurationPlatforms) = postSolution
		{587047CE-E3BC-4A5D-A59E-58558971F231}.Debug|iPhoneSimulator.ActiveCfg = Debug|Any CPU
		{587047CE-E3BC-4A5D-A59E-58558971F231}.Debug|iPhoneSimulator.Build.0 = Debug|Any CPU
		{587047CE-E3BC-4A5D-A59E-58558971F231}.Release|iPhoneSimulator.ActiveCfg = Release|Any CPU
		{587047CE-E3BC-4A5D-A59E-58558971F231}.Release|iPhoneSimulator.Build.0 = Release|Any CPU
		{734EAA48-F1CA-481A-B391-0285BC0E8B40}.Debug|iPhoneSimulator.ActiveCfg = Debug|Any CPU
		{734EAA48-F1CA-481A-B391-0285BC0E8B40}.Release|iPhoneSimulator.ActiveCfg = Release|Any CPU
		{734EAA48-F1CA-481A-B391-0285BC0E8B40}.Release|iPhoneSimulator.Build.0 = Release|Any CPU
		{8DD61860-526C-4447-B806-E0ADC61DFB54}.Debug|iPhoneSimulator.ActiveCfg = Debug|Any CPU
		{8DD61860-526C-4447-B806-E0ADC61DFB54}.Debug|iPhoneSimulator.Build.0 = Debug|Any CPU
		{8DD61860-526C-4447-B806-E0ADC61DFB54}.Release|iPhoneSimulator.ActiveCfg = Release|Any CPU
		{8DD61860-526C-4447-B806-E0ADC61DFB54}.Release|iPhoneSimulator.Build.0 = Release|Any CPU
		{DB8508BB-9849-4CC2-BC0F-8EB5DACB3C47}.Debug|iPhoneSimulator.ActiveCfg = Debug|iPhoneSimulator
		{DB8508BB-9849-4CC2-BC0F-8EB5DACB3C47}.Release|iPhoneSimulator.ActiveCfg = Release|iPhoneSimulator
		{DB8508BB-9849-4CC2-BC0F-8EB5DACB3C47}.Release|iPhoneSimulator.Build.0 = Release|iPhoneSimulator
		{ED846A11-F3F8-4277-9E00-8AC75C114910}.Debug|iPhoneSimulator.ActiveCfg = Debug|iPhoneSimulator
		{ED846A11-F3F8-4277-9E00-8AC75C114910}.Debug|iPhoneSimulator.Build.0 = Debug|iPhoneSimulator
		{ED846A11-F3F8-4277-9E00-8AC75C114910}.Release|iPhoneSimulator.ActiveCfg = Release|iPhoneSimulator
		{ED846A11-F3F8-4277-9E00-8AC75C114910}.Release|iPhoneSimulator.Build.0 = Release|iPhoneSimulator
		{61F33CB8-B0D6-4356-AA69-23AAFBFA014C}.Debug|iPhoneSimulator.ActiveCfg = Debug|Any CPU
		{61F33CB8-B0D6-4356-AA69-23AAFBFA014C}.Debug|iPhoneSimulator.Build.0 = Debug|Any CPU
		{61F33CB8-B0D6-4356-AA69-23AAFBFA014C}.Release|iPhoneSimulator.ActiveCfg = Release|Any CPU
		{61F33CB8-B0D6-4356-AA69-23AAFBFA014C}.Release|iPhoneSimulator.Build.0 = Release|Any CPU
	EndGlobalSection
	GlobalSection(MonoDevelopProperties) = preSolution
		StartupItem = NathansWay.Numeracy.iOS\NathansWay.iOS.Numeracy.csproj
		Policies = $0
		$0.TextStylePolicy = $1
		$1.TabsToSpaces = False
		$1.inheritsSet = VisualStudio
		$1.inheritsScope = text/plain
		$1.scope = text/x-csharp
		$0.CSharpFormattingPolicy = $2
		$2.IndentCaseBody = False
		$2.IndentBreakStatements = False
		$2.AlignEmbeddedStatements = False
		$2.IndentPreprocessorDirectives = False
		$2.AnonymousMethodBraceStyle = NextLine
		$2.PropertyGetBraceStyle = NextLine
		$2.PropertySetBraceStyle = NextLine
		$2.StatementBraceStyle = NextLine
		$2.ElseNewLinePlacement = NewLine
		$2.ElseIfNewLinePlacement = NewLine
		$2.CatchNewLinePlacement = NewLine
		$2.FinallyNewLinePlacement = NewLine
		$2.WhileNewLinePlacement = NewLine
		$2.inheritsSet = Mono
		$2.inheritsScope = text/x-csharp
		$2.scope = text/x-csharp
		$0.TextStylePolicy = $3
		$3.inheritsSet = null
		$3.scope = application/vnd.apple-xcode-storyboard
		$0.XmlFormattingPolicy = $4
		$4.inheritsSet = null
		$4.scope = application/vnd.apple-xcode-storyboard
		$0.DotNetNamingPolicy = $5
		$5.DirectoryNamespaceAssociation = None
		$5.ResourceNamePolicy = FileFormatDefault
		$0.TextStylePolicy = $6
		$6.inheritsSet = null
		$6.scope = application/config+xml
		$0.XmlFormattingPolicy = $7
		$7.inheritsSet = null
		$7.scope = application/config+xml
		$0.TextStylePolicy = $8
		$8.inheritsSet = null
		$8.scope = application/xml
		$0.XmlFormattingPolicy = $9
		$9.inheritsSet = Mono
		$9.inheritsScope = application/xml
		$9.scope = application/xml
		$0.TextStylePolicy = $10
		$10.TabsToSpaces = False
		$10.inheritsSet = VisualStudio
		$10.inheritsScope = text/plain
		$10.scope = text/plain
		$0.TextStylePolicy = $11
		$11.inheritsSet = null
		$11.scope = text/html
	EndGlobalSection
EndGlobal
