
Microsoft Visual Studio Solution File, Format Version 11.00
# Visual Studio 2010
Project("{FAE04EC0-301F-11D3-BF4B-00C04F79EFBC}") = "NathansWay.iOS.Numeracy", "NathansWay.Numeracy.iOS\NathansWay.iOS.Numeracy.csproj", "{ED846A11-F3F8-4277-9E00-8AC75C114910}"
EndProject
Project("{FAE04EC0-301F-11D3-BF4B-00C04F79EFBC}") = "Aspyroad.iOSCore", "AspyRoad.iOSCore\Aspyroad.iOSCore.csproj", "{587047CE-E3BC-4A5D-A59E-58558971F231}"
EndProject
Project("{FAE04EC0-301F-11D3-BF4B-00C04F79EFBC}") = "NathansWay.Numeracy.Shared", "NathansWay.Numeracy.Shared\NathansWay.Numeracy.Shared.csproj", "{8DD61860-526C-4447-B806-E0ADC61DFB54}"
EndProject
Project("{2150E333-8FDC-42A3-9474-1A3956D46DE8}") = "NathansWay.MonoGame", "NathansWay.MonoGame", "{06C877F8-4312-4C00-B60F-8EC046D43D40}"
EndProject
Project("{FAE04EC0-301F-11D3-BF4B-00C04F79EFBC}") = "NathansWay.MonoGame.iOS", "NathansWay.MonoGame\NathansWay.MonoGame.iOS\NathansWay.MonoGame.iOS.csproj", "{6CAEBFA6-0096-4FBE-84C5-9CA3C6CD0FC4}"
EndProject
Project("{FAE04EC0-301F-11D3-BF4B-00C04F79EFBC}") = "NathansWay.MonoGame.Portable", "NathansWay.MonoGame\NathansWay.MonoGame.Portable\NathansWay.MonoGame.Portable.csproj", "{C092F228-70EA-4208-A6AB-5EF60AD016D8}"
EndProject
Project("{FAE04EC0-301F-11D3-BF4B-00C04F79EFBC}") = "MonoGame.Extended.NuclexGui", "..\MonoGame.Extended\Source\MonoGame.Extended.NuclexGui\MonoGame.Extended.NuclexGui.csproj", "{D8BC4F21-E71D-46CE-B6D3-259F1E0DFABA}"
EndProject
Global
	GlobalSection(SolutionConfigurationPlatforms) = preSolution
		Debug|iPhoneSimulator = Debug|iPhoneSimulator
		Release|iPhoneSimulator = Release|iPhoneSimulator
		Debug|iPhone = Debug|iPhone
		Release|iPhone = Release|iPhone
		Ad-Hoc|iPhone = Ad-Hoc|iPhone
		AppStore|iPhone = AppStore|iPhone
	EndGlobalSection
	GlobalSection(ProjectConfigurationPlatforms) = postSolution
		{587047CE-E3BC-4A5D-A59E-58558971F231}.Ad-Hoc|iPhone.ActiveCfg = Debug|Any CPU
		{587047CE-E3BC-4A5D-A59E-58558971F231}.Ad-Hoc|iPhone.Build.0 = Debug|Any CPU
		{587047CE-E3BC-4A5D-A59E-58558971F231}.AppStore|iPhone.ActiveCfg = Debug|Any CPU
		{587047CE-E3BC-4A5D-A59E-58558971F231}.AppStore|iPhone.Build.0 = Debug|Any CPU
		{587047CE-E3BC-4A5D-A59E-58558971F231}.Debug|iPhone.ActiveCfg = Debug|iPhone
		{587047CE-E3BC-4A5D-A59E-58558971F231}.Debug|iPhone.Build.0 = Debug|iPhone
		{587047CE-E3BC-4A5D-A59E-58558971F231}.Debug|iPhoneSimulator.ActiveCfg = Debug|Any CPU
		{587047CE-E3BC-4A5D-A59E-58558971F231}.Debug|iPhoneSimulator.Build.0 = Debug|Any CPU
		{587047CE-E3BC-4A5D-A59E-58558971F231}.Release|iPhone.ActiveCfg = Release|Any CPU
		{587047CE-E3BC-4A5D-A59E-58558971F231}.Release|iPhone.Build.0 = Release|Any CPU
		{587047CE-E3BC-4A5D-A59E-58558971F231}.Release|iPhoneSimulator.ActiveCfg = Release|Any CPU
		{587047CE-E3BC-4A5D-A59E-58558971F231}.Release|iPhoneSimulator.Build.0 = Release|Any CPU
		{8DD61860-526C-4447-B806-E0ADC61DFB54}.Ad-Hoc|iPhone.ActiveCfg = Debug|Any CPU
		{8DD61860-526C-4447-B806-E0ADC61DFB54}.Ad-Hoc|iPhone.Build.0 = Debug|Any CPU
		{8DD61860-526C-4447-B806-E0ADC61DFB54}.AppStore|iPhone.ActiveCfg = Debug|Any CPU
		{8DD61860-526C-4447-B806-E0ADC61DFB54}.AppStore|iPhone.Build.0 = Debug|Any CPU
		{8DD61860-526C-4447-B806-E0ADC61DFB54}.Debug|iPhone.ActiveCfg = Debug|iPhone
		{8DD61860-526C-4447-B806-E0ADC61DFB54}.Debug|iPhone.Build.0 = Debug|iPhone
		{8DD61860-526C-4447-B806-E0ADC61DFB54}.Debug|iPhoneSimulator.ActiveCfg = Debug|Any CPU
		{8DD61860-526C-4447-B806-E0ADC61DFB54}.Debug|iPhoneSimulator.Build.0 = Debug|Any CPU
		{8DD61860-526C-4447-B806-E0ADC61DFB54}.Release|iPhone.ActiveCfg = Release|Any CPU
		{8DD61860-526C-4447-B806-E0ADC61DFB54}.Release|iPhone.Build.0 = Release|Any CPU
		{8DD61860-526C-4447-B806-E0ADC61DFB54}.Release|iPhoneSimulator.ActiveCfg = Release|Any CPU
		{8DD61860-526C-4447-B806-E0ADC61DFB54}.Release|iPhoneSimulator.Build.0 = Release|Any CPU
		{ED846A11-F3F8-4277-9E00-8AC75C114910}.Ad-Hoc|iPhone.ActiveCfg = Debug|iPhoneSimulator
		{ED846A11-F3F8-4277-9E00-8AC75C114910}.Ad-Hoc|iPhone.Build.0 = Debug|iPhoneSimulator
		{ED846A11-F3F8-4277-9E00-8AC75C114910}.AppStore|iPhone.ActiveCfg = Debug|iPhoneSimulator
		{ED846A11-F3F8-4277-9E00-8AC75C114910}.AppStore|iPhone.Build.0 = Debug|iPhoneSimulator
		{ED846A11-F3F8-4277-9E00-8AC75C114910}.Debug|iPhone.ActiveCfg = Debug|iPhone
		{ED846A11-F3F8-4277-9E00-8AC75C114910}.Debug|iPhone.Build.0 = Debug|iPhone
		{ED846A11-F3F8-4277-9E00-8AC75C114910}.Debug|iPhoneSimulator.ActiveCfg = Debug|iPhoneSimulator
		{ED846A11-F3F8-4277-9E00-8AC75C114910}.Debug|iPhoneSimulator.Build.0 = Debug|iPhoneSimulator
		{ED846A11-F3F8-4277-9E00-8AC75C114910}.Release|iPhone.ActiveCfg = Debug|iPhone
		{ED846A11-F3F8-4277-9E00-8AC75C114910}.Release|iPhone.Build.0 = Debug|iPhone
		{ED846A11-F3F8-4277-9E00-8AC75C114910}.Release|iPhoneSimulator.ActiveCfg = Release|iPhoneSimulator
		{ED846A11-F3F8-4277-9E00-8AC75C114910}.Release|iPhoneSimulator.Build.0 = Release|iPhoneSimulator
		{734EAA48-F1CA-481A-B391-0285BC0E8B40}.Ad-Hoc|iPhone.ActiveCfg = Debug|Any CPU
		{734EAA48-F1CA-481A-B391-0285BC0E8B40}.Ad-Hoc|iPhone.Build.0 = Debug|Any CPU
		{734EAA48-F1CA-481A-B391-0285BC0E8B40}.AppStore|iPhone.ActiveCfg = Debug|Any CPU
		{734EAA48-F1CA-481A-B391-0285BC0E8B40}.AppStore|iPhone.Build.0 = Debug|Any CPU
		{734EAA48-F1CA-481A-B391-0285BC0E8B40}.Debug|iPhone.ActiveCfg = Debug|Any CPU
		{734EAA48-F1CA-481A-B391-0285BC0E8B40}.Debug|iPhone.Build.0 = Debug|Any CPU
		{734EAA48-F1CA-481A-B391-0285BC0E8B40}.Debug|iPhoneSimulator.ActiveCfg = Debug|Any CPU
		{734EAA48-F1CA-481A-B391-0285BC0E8B40}.Release|iPhone.ActiveCfg = Release|Any CPU
		{734EAA48-F1CA-481A-B391-0285BC0E8B40}.Release|iPhone.Build.0 = Release|Any CPU
		{734EAA48-F1CA-481A-B391-0285BC0E8B40}.Release|iPhoneSimulator.ActiveCfg = Release|Any CPU
		{734EAA48-F1CA-481A-B391-0285BC0E8B40}.Release|iPhoneSimulator.Build.0 = Release|Any CPU
		{61F33CB8-B0D6-4356-AA69-23AAFBFA014C}.Debug|iPhoneSimulator.ActiveCfg = Debug|Any CPU
		{61F33CB8-B0D6-4356-AA69-23AAFBFA014C}.Debug|iPhoneSimulator.Build.0 = Debug|Any CPU
		{61F33CB8-B0D6-4356-AA69-23AAFBFA014C}.Release|iPhoneSimulator.ActiveCfg = Release|Any CPU
		{61F33CB8-B0D6-4356-AA69-23AAFBFA014C}.Release|iPhoneSimulator.Build.0 = Release|Any CPU
		{6CAEBFA6-0096-4FBE-84C5-9CA3C6CD0FC4}.Debug|iPhoneSimulator.ActiveCfg = Debug|Any CPU
		{6CAEBFA6-0096-4FBE-84C5-9CA3C6CD0FC4}.Debug|iPhoneSimulator.Build.0 = Debug|Any CPU
		{6CAEBFA6-0096-4FBE-84C5-9CA3C6CD0FC4}.Release|iPhoneSimulator.ActiveCfg = Release|Any CPU
		{6CAEBFA6-0096-4FBE-84C5-9CA3C6CD0FC4}.Release|iPhoneSimulator.Build.0 = Release|Any CPU
		{6CAEBFA6-0096-4FBE-84C5-9CA3C6CD0FC4}.Debug|iPhone.ActiveCfg = Debug|Any CPU
		{6CAEBFA6-0096-4FBE-84C5-9CA3C6CD0FC4}.Debug|iPhone.Build.0 = Debug|Any CPU
		{6CAEBFA6-0096-4FBE-84C5-9CA3C6CD0FC4}.Release|iPhone.ActiveCfg = Release|Any CPU
		{6CAEBFA6-0096-4FBE-84C5-9CA3C6CD0FC4}.Release|iPhone.Build.0 = Release|Any CPU
		{6CAEBFA6-0096-4FBE-84C5-9CA3C6CD0FC4}.Ad-Hoc|iPhone.ActiveCfg = Debug|Any CPU
		{6CAEBFA6-0096-4FBE-84C5-9CA3C6CD0FC4}.Ad-Hoc|iPhone.Build.0 = Debug|Any CPU
		{6CAEBFA6-0096-4FBE-84C5-9CA3C6CD0FC4}.AppStore|iPhone.ActiveCfg = Debug|Any CPU
		{6CAEBFA6-0096-4FBE-84C5-9CA3C6CD0FC4}.AppStore|iPhone.Build.0 = Debug|Any CPU
		{C092F228-70EA-4208-A6AB-5EF60AD016D8}.Debug|iPhoneSimulator.ActiveCfg = Debug|Any CPU
		{C092F228-70EA-4208-A6AB-5EF60AD016D8}.Debug|iPhoneSimulator.Build.0 = Debug|Any CPU
		{C092F228-70EA-4208-A6AB-5EF60AD016D8}.Release|iPhoneSimulator.ActiveCfg = Release|Any CPU
		{C092F228-70EA-4208-A6AB-5EF60AD016D8}.Release|iPhoneSimulator.Build.0 = Release|Any CPU
		{C092F228-70EA-4208-A6AB-5EF60AD016D8}.Debug|iPhone.ActiveCfg = Debug|Any CPU
		{C092F228-70EA-4208-A6AB-5EF60AD016D8}.Debug|iPhone.Build.0 = Debug|Any CPU
		{C092F228-70EA-4208-A6AB-5EF60AD016D8}.Release|iPhone.ActiveCfg = Release|Any CPU
		{C092F228-70EA-4208-A6AB-5EF60AD016D8}.Release|iPhone.Build.0 = Release|Any CPU
		{C092F228-70EA-4208-A6AB-5EF60AD016D8}.Ad-Hoc|iPhone.ActiveCfg = Debug|Any CPU
		{C092F228-70EA-4208-A6AB-5EF60AD016D8}.Ad-Hoc|iPhone.Build.0 = Debug|Any CPU
		{C092F228-70EA-4208-A6AB-5EF60AD016D8}.AppStore|iPhone.ActiveCfg = Debug|Any CPU
		{C092F228-70EA-4208-A6AB-5EF60AD016D8}.AppStore|iPhone.Build.0 = Debug|Any CPU
		{D8BC4F21-E71D-46CE-B6D3-259F1E0DFABA}.Debug|iPhoneSimulator.ActiveCfg = Debug|Any CPU
		{D8BC4F21-E71D-46CE-B6D3-259F1E0DFABA}.Debug|iPhoneSimulator.Build.0 = Debug|Any CPU
		{D8BC4F21-E71D-46CE-B6D3-259F1E0DFABA}.Release|iPhoneSimulator.ActiveCfg = Release|Any CPU
		{D8BC4F21-E71D-46CE-B6D3-259F1E0DFABA}.Release|iPhoneSimulator.Build.0 = Release|Any CPU
		{D8BC4F21-E71D-46CE-B6D3-259F1E0DFABA}.Debug|iPhone.ActiveCfg = Debug|Any CPU
		{D8BC4F21-E71D-46CE-B6D3-259F1E0DFABA}.Debug|iPhone.Build.0 = Debug|Any CPU
		{D8BC4F21-E71D-46CE-B6D3-259F1E0DFABA}.Release|iPhone.ActiveCfg = Release|Any CPU
		{D8BC4F21-E71D-46CE-B6D3-259F1E0DFABA}.Release|iPhone.Build.0 = Release|Any CPU
		{D8BC4F21-E71D-46CE-B6D3-259F1E0DFABA}.Ad-Hoc|iPhone.ActiveCfg = Debug|Any CPU
		{D8BC4F21-E71D-46CE-B6D3-259F1E0DFABA}.Ad-Hoc|iPhone.Build.0 = Debug|Any CPU
		{D8BC4F21-E71D-46CE-B6D3-259F1E0DFABA}.AppStore|iPhone.ActiveCfg = Debug|Any CPU
		{D8BC4F21-E71D-46CE-B6D3-259F1E0DFABA}.AppStore|iPhone.Build.0 = Debug|Any CPU
	EndGlobalSection
	GlobalSection(NestedProjects) = preSolution
		{6CAEBFA6-0096-4FBE-84C5-9CA3C6CD0FC4} = {06C877F8-4312-4C00-B60F-8EC046D43D40}
		{C092F228-70EA-4208-A6AB-5EF60AD016D8} = {06C877F8-4312-4C00-B60F-8EC046D43D40}
		{D8BC4F21-E71D-46CE-B6D3-259F1E0DFABA} = {06C877F8-4312-4C00-B60F-8EC046D43D40}
	EndGlobalSection
	GlobalSection(MonoDevelopProperties) = preSolution
		Policies = $0
		$0.TextStylePolicy = $1
		$1.inheritsSet = null
		$1.inheritsScope = text/plain
		$1.scope = text/html
		$1.TabsToSpaces = False
		$0.CSharpFormattingPolicy = $2
		$2.IndentSwitchBody = True
		$2.IndentCaseBody = False
		$2.IndentBlocksInsideExpressions = True
		$2.AnonymousMethodBraceStyle = NextLine
		$2.PropertyBraceStyle = NextLine
		$2.PropertyGetBraceStyle = NextLine
		$2.PropertySetBraceStyle = NextLine
		$2.EventBraceStyle = NextLine
		$2.EventAddBraceStyle = NextLine
		$2.EventRemoveBraceStyle = NextLine
		$2.StatementBraceStyle = NextLine
		$2.ElseNewLinePlacement = NewLine
		$2.CatchNewLinePlacement = NewLine
		$2.FinallyNewLinePlacement = NewLine
		$2.WhileNewLinePlacement = DoNotCare
		$2.ArrayInitializerWrapping = DoNotChange
		$2.ArrayInitializerBraceStyle = NextLine
		$2.BeforeMethodDeclarationParentheses = False
		$2.BeforeMethodCallParentheses = False
		$2.BeforeConstructorDeclarationParentheses = False
		$2.NewLineBeforeConstructorInitializerColon = NewLine
		$2.NewLineAfterConstructorInitializerColon = SameLine
		$2.BeforeDelegateDeclarationParentheses = False
		$2.NewParentheses = False
		$2.SpacesBeforeBrackets = False
		$2.scope = text/x-csharp
		$0.TextStylePolicy = $3
		$3.inheritsSet = null
		$3.scope = application/vnd.apple-xcode-storyboard
		$0.XmlFormattingPolicy = $4
		$4.scope = application/xml
		$0.DotNetNamingPolicy = $5
		$0.TextStylePolicy = $6
		$6.inheritsSet = null
		$6.scope = application/config+xml
		$0.XmlFormattingPolicy = $7
		$7.inheritsSet = null
		$7.scope = application/config+xml
		$0.TextStylePolicy = $8
		$8.inheritsSet = null
		$8.scope = application/xml
		$0.XmlFormattingPolicy = $9
		$9.inheritsSet = Mono
		$9.inheritsScope = application/xml
		$9.scope = application/xml
		$0.TextStylePolicy = $10
		$10.scope = text/plain
		$10.FileWidth = 80
		$0.TextStylePolicy = $11
		$11.scope = text/x-csharp
		$11.FileWidth = 80
		$11.TabsToSpaces = True
		$0.StandardHeader = $12
		$0.NameConventionPolicy = $13
		$13.Rules = $14
		$14.NamingRule = $15
		$15.Name = Type Parameters
		$15.AffectedEntity = TypeParameter
		$15.VisibilityMask = VisibilityMask
		$15.NamingStyle = PascalCase
		$15.IncludeInstanceMembers = True
		$15.IncludeStaticEntities = True
		$15.RequiredPrefixes = $36
		$36.String = T
		$15.RequiredSuffixes = $37
		$37.String = Exception
		$14.NamingRule = $16
		$16.Name = Types
		$16.AffectedEntity = Class, Struct, Enum, Delegate
		$16.VisibilityMask = Public
		$16.NamingStyle = PascalCase
		$16.IncludeInstanceMembers = True
		$16.IncludeStaticEntities = True
		$14.NamingRule = $17
		$17.Name = Interfaces
		$17.RequiredPrefixes = $18
		$18.String = I
		$17.AffectedEntity = Interface
		$17.VisibilityMask = Public
		$17.NamingStyle = PascalCase
		$17.IncludeInstanceMembers = True
		$17.IncludeStaticEntities = True
		$14.NamingRule = $19
		$19.Name = Attributes
		$19.RequiredSuffixes = $20
		$20.String = Attribute
		$19.AffectedEntity = CustomAttributes
		$19.VisibilityMask = Public
		$19.NamingStyle = PascalCase
		$19.IncludeInstanceMembers = True
		$19.IncludeStaticEntities = True
		$14.NamingRule = $21
		$21.Name = Event Arguments
		$21.RequiredSuffixes = $22
		$22.String = EventArgs
		$21.AffectedEntity = CustomEventArgs
		$21.VisibilityMask = Public
		$21.NamingStyle = PascalCase
		$21.IncludeInstanceMembers = True
		$21.IncludeStaticEntities = True
		$14.NamingRule = $23
		$23.Name = Exceptions
		$23.RequiredSuffixes = $24
		$24.String = Exception
		$23.AffectedEntity = CustomExceptions
		$23.VisibilityMask = VisibilityMask
		$23.NamingStyle = PascalCase
		$23.IncludeInstanceMembers = True
		$23.IncludeStaticEntities = True
		$14.NamingRule = $25
		$25.Name = Methods
		$25.AffectedEntity = Methods
		$25.VisibilityMask = Protected, Public
		$25.NamingStyle = PascalCase
		$25.IncludeInstanceMembers = True
		$25.IncludeStaticEntities = True
		$14.NamingRule = $26
		$26.Name = Static Readonly Fields
		$26.AffectedEntity = ReadonlyField
		$26.VisibilityMask = Protected, Public
		$26.NamingStyle = PascalCase
		$26.IncludeInstanceMembers = False
		$26.IncludeStaticEntities = True
		$14.NamingRule = $27
		$27.Name = Fields
		$27.AffectedEntity = Field
		$27.VisibilityMask = Protected, Public
		$27.NamingStyle = PascalCase
		$27.IncludeInstanceMembers = True
		$27.IncludeStaticEntities = True
		$14.NamingRule = $28
		$28.Name = ReadOnly Fields
		$28.AffectedEntity = ReadonlyField
		$28.VisibilityMask = Protected, Public
		$28.NamingStyle = PascalCase
		$28.IncludeInstanceMembers = True
		$28.IncludeStaticEntities = False
		$14.NamingRule = $29
		$29.Name = Constant Fields
		$29.AffectedEntity = ConstantField
		$29.VisibilityMask = Protected, Public
		$29.NamingStyle = PascalCase
		$29.IncludeInstanceMembers = True
		$29.IncludeStaticEntities = True
		$14.NamingRule = $30
		$30.Name = Properties
		$30.AffectedEntity = Property
		$30.VisibilityMask = Protected, Public
		$30.NamingStyle = PascalCase
		$30.IncludeInstanceMembers = True
		$30.IncludeStaticEntities = True
		$14.NamingRule = $31
		$31.Name = Events
		$31.AffectedEntity = Event
		$31.VisibilityMask = Protected, Public
		$31.NamingStyle = PascalCase
		$31.IncludeInstanceMembers = True
		$31.IncludeStaticEntities = True
		$14.NamingRule = $32
		$32.Name = Enum Members
		$32.AffectedEntity = EnumMember
		$32.VisibilityMask = VisibilityMask
		$32.NamingStyle = PascalCase
		$32.IncludeInstanceMembers = True
		$32.IncludeStaticEntities = True
		$14.NamingRule = $33
		$33.Name = Parameters
		$33.AffectedEntity = Parameter
		$33.VisibilityMask = VisibilityMask
		$33.NamingStyle = CamelCase
		$33.IncludeInstanceMembers = True
		$33.IncludeStaticEntities = True
		$14.NamingRule = $34
		$34.Name = Type Parameters
		$34.RequiredPrefixes = $35
		$35.String = T
		$34.AffectedEntity = TypeParameter
		$34.VisibilityMask = VisibilityMask
		$34.NamingStyle = PascalCase
		$34.IncludeInstanceMembers = True
		$34.IncludeStaticEntities = True
	EndGlobalSection
EndGlobal
